
Microsoft Visual Studio Solution File, Format Version 12.00
# Visual Studio Version 17
VisualStudioVersion = 17.11.35327.3
MinimumVisualStudioVersion = 10.0.40219.1
Project("{FAE04EC0-301F-11D3-BF4B-00C04F79EFBC}") = "23DH114708_MyStore", "23DH114708_MyStore\23DH114708_MyStore.csproj", "{D0669170-F720-40E3-92CC-3514FDDDBB77}"
EndProject
Global
	GlobalSection(SolutionConfigurationPlatforms) = preSolution
		Debug|Any CPU = Debug|Any CPU
		Release|Any CPU = Release|Any CPU
	EndGlobalSection
	GlobalSection(ProjectConfigurationPlatforms) = postSolution
		{D0669170-F720-40E3-92CC-3514FDDDBB77}.Debug|Any CPU.ActiveCfg = Debug|Any CPU
		{D0669170-F720-40E3-92CC-3514FDDDBB77}.Debug|Any CPU.Build.0 = Debug|Any CPU
		{D0669170-F720-40E3-92CC-3514FDDDBB77}.Release|Any CPU.ActiveCfg = Release|Any CPU
		{D0669170-F720-40E3-92CC-3514FDDDBB77}.Release|Any CPU.Build.0 = Release|Any CPU
	EndGlobalSection
	GlobalSection(SolutionProperties) = preSolution
		HideSolutionNode = FALSE
	EndGlobalSection
	GlobalSection(ExtensibilityGlobals) = postSolution
		SolutionGuid = {E6A08017-E2B3-4C6D-B90C-E8C6201BF8FF}
	EndGlobalSection
EndGlobal
